
Microsoft Visual Studio Solution File, Format Version 12.00
# Visual Studio Version 17
VisualStudioVersion = 17.3.32804.467
MinimumVisualStudioVersion = 10.0.40219.1
Project("{FAE04EC0-301F-11D3-BF4B-00C04F79EFBC}") = "WebApplication4", "WebApplication4\WebApplication4.csproj", "{D531735A-AADE-4667-864B-63774CB73684}"
EndProject
Global
	GlobalSection(SolutionConfigurationPlatforms) = preSolution
		Debug|Any CPU = Debug|Any CPU
		Release|Any CPU = Release|Any CPU
	EndGlobalSection
	GlobalSection(ProjectConfigurationPlatforms) = postSolution
		{D531735A-AADE-4667-864B-63774CB73684}.Debug|Any CPU.ActiveCfg = Debug|Any CPU
		{D531735A-AADE-4667-864B-63774CB73684}.Debug|Any CPU.Build.0 = Debug|Any CPU
		{D531735A-AADE-4667-864B-63774CB73684}.Release|Any CPU.ActiveCfg = Release|Any CPU
		{D531735A-AADE-4667-864B-63774CB73684}.Release|Any CPU.Build.0 = Release|Any CPU
	EndGlobalSection
	GlobalSection(SolutionProperties) = preSolution
		HideSolutionNode = FALSE
	EndGlobalSection
	GlobalSection(ExtensibilityGlobals) = postSolution
		SolutionGuid = {E488D5EC-A49E-4A78-A36F-04A5A92A5570}
	EndGlobalSection
EndGlobal
